
Microsoft Visual Studio Solution File, Format Version 12.00
# Visual Studio Version 17
VisualStudioVersion = 17.8.34525.116
MinimumVisualStudioVersion = 10.0.40219.1
Project("{FAE04EC0-301F-11D3-BF4B-00C04F79EFBC}") = "ShopDB", "ShopDB\ShopDB.csproj", "{491871F2-39C1-492E-918B-BA4B0168A219}"
EndProject
Global
	GlobalSection(SolutionConfigurationPlatforms) = preSolution
		Debug|Any CPU = Debug|Any CPU
		Release|Any CPU = Release|Any CPU
	EndGlobalSection
	GlobalSection(ProjectConfigurationPlatforms) = postSolution
		{491871F2-39C1-492E-918B-BA4B0168A219}.Debug|Any CPU.ActiveCfg = Debug|Any CPU
		{491871F2-39C1-492E-918B-BA4B0168A219}.Debug|Any CPU.Build.0 = Debug|Any CPU
		{491871F2-39C1-492E-918B-BA4B0168A219}.Release|Any CPU.ActiveCfg = Release|Any CPU
		{491871F2-39C1-492E-918B-BA4B0168A219}.Release|Any CPU.Build.0 = Release|Any CPU
	EndGlobalSection
	GlobalSection(SolutionProperties) = preSolution
		HideSolutionNode = FALSE
	EndGlobalSection
	GlobalSection(ExtensibilityGlobals) = postSolution
		SolutionGuid = {B0D28242-5A74-488A-9890-DFCB00A8AE1A}
	EndGlobalSection
EndGlobal
